
Microsoft Visual Studio Solution File, Format Version 12.00
# Visual Studio Version 17
VisualStudioVersion = 17.2.32602.215
MinimumVisualStudioVersion = 10.0.40219.1
Project("{FAE04EC0-301F-11D3-BF4B-00C04F79EFBC}") = "Portfolio", "Portfolio\Portfolio.csproj", "{C5C41507-83E1-4E6D-B60C-B222FE7A389F}"
EndProject
Global
	GlobalSection(SolutionConfigurationPlatforms) = preSolution
		Debug|Any CPU = Debug|Any CPU
		Release|Any CPU = Release|Any CPU
	EndGlobalSection
	GlobalSection(ProjectConfigurationPlatforms) = postSolution
		{C5C41507-83E1-4E6D-B60C-B222FE7A389F}.Debug|Any CPU.ActiveCfg = Debug|Any CPU
		{C5C41507-83E1-4E6D-B60C-B222FE7A389F}.Debug|Any CPU.Build.0 = Debug|Any CPU
		{C5C41507-83E1-4E6D-B60C-B222FE7A389F}.Release|Any CPU.ActiveCfg = Release|Any CPU
		{C5C41507-83E1-4E6D-B60C-B222FE7A389F}.Release|Any CPU.Build.0 = Release|Any CPU
	EndGlobalSection
	GlobalSection(SolutionProperties) = preSolution
		HideSolutionNode = FALSE
	EndGlobalSection
	GlobalSection(ExtensibilityGlobals) = postSolution
		SolutionGuid = {296771EC-BED4-4D84-B7D5-D4671C052321}
	EndGlobalSection
EndGlobal
